// !$*UTF8*$!
{
	archiveVersion = 1;
	classes = {
	};
	objectVersion = 46;
	objects = {

/* Begin PBXBuildFile section */
		201D80CF1FD0102400764CCC /* NaverCafeSDK.bundle in Resources */ = {isa = PBXBuildFile; fileRef = 201D80CD1FD0102400764CCC /* NaverCafeSDK.bundle */; };
		201D80D01FD0102400764CCC /* NaverCafeSDK.framework in Frameworks */ = {isa = PBXBuildFile; fileRef = 201D80CE1FD0102400764CCC /* NaverCafeSDK.framework */; };
		201D80D71FD010DF00764CCC /* libWeChatSDK.a in Frameworks */ = {isa = PBXBuildFile; fileRef = 201D80D21FD010DF00764CCC /* libWeChatSDK.a */; };
		201D80D81FD010DF00764CCC /* README.txt in Resources */ = {isa = PBXBuildFile; fileRef = 201D80D31FD010DF00764CCC /* README.txt */; };
		203A12851F8E1A7800CF6925 /* Security.framework in Frameworks */ = {isa = PBXBuildFile; fileRef = 203A12841F8E1A7800CF6925 /* Security.framework */; };
		203A12871F8E1A9600CF6925 /* libsqlite3.0.tbd in Frameworks */ = {isa = PBXBuildFile; fileRef = 203A12861F8E1A9600CF6925 /* libsqlite3.0.tbd */; };
		203A12891F8E1AA600CF6925 /* iAd.framework in Frameworks */ = {isa = PBXBuildFile; fileRef = 203A12881F8E1AA600CF6925 /* iAd.framework */; };
		203A128D1F8E1AEE00CF6925 /* AVFoundation.framework in Frameworks */ = {isa = PBXBuildFile; fileRef = 203A128C1F8E1AEE00CF6925 /* AVFoundation.framework */; };
		203A128F1F8E1AF400CF6925 /* AVKit.framework in Frameworks */ = {isa = PBXBuildFile; fileRef = 203A128E1F8E1AF400CF6925 /* AVKit.framework */; };
		203A12911F8E1B1D00CF6925 /* ReplayKit.framework in Frameworks */ = {isa = PBXBuildFile; fileRef = 203A12901F8E1B1D00CF6925 /* ReplayKit.framework */; settings = {ATTRIBUTES = (Weak, ); }; };
		203A12951F8E1BAD00CF6925 /* AssetsLibrary.framework in Frameworks */ = {isa = PBXBuildFile; fileRef = 203A12941F8E1BAD00CF6925 /* AssetsLibrary.framework */; };
		203A12971F8E1C5500CF6925 /* WebKit.framework in Frameworks */ = {isa = PBXBuildFile; fileRef = 203A12961F8E1C5500CF6925 /* WebKit.framework */; };
		203A13021F8E3EA400CF6925 /* EGLSSDKRES.bundle in Resources */ = {isa = PBXBuildFile; fileRef = 203A13011F8E3EA400CF6925 /* EGLSSDKRES.bundle */; };
		204F0F3C1D77C80B00B46CCC /* Images.xcassets in Resources */ = {isa = PBXBuildFile; fileRef = 204F0F3B1D77C80B00B46CCC /* Images.xcassets */; };
		205BBB0F1D7AFC4800C30FBA /* AddressBook.framework in Frameworks */ = {isa = PBXBuildFile; fileRef = 205BBAFF1D7AFC4800C30FBA /* AddressBook.framework */; };
		205BBB101D7AFC4800C30FBA /* SafariServices.framework in Frameworks */ = {isa = PBXBuildFile; fileRef = 205BBB001D7AFC4800C30FBA /* SafariServices.framework */; };
		205BBB111D7AFC4800C30FBA /* StoreKit.framework in Frameworks */ = {isa = PBXBuildFile; fileRef = 205BBB011D7AFC4800C30FBA /* StoreKit.framework */; };
		205BBB121D7AFC4800C30FBA /* AdSupport.framework in Frameworks */ = {isa = PBXBuildFile; fileRef = 205BBB021D7AFC4800C30FBA /* AdSupport.framework */; };
		205BBB131D7AFC4800C30FBA /* CFNetwork.framework in Frameworks */ = {isa = PBXBuildFile; fileRef = 205BBB031D7AFC4800C30FBA /* CFNetwork.framework */; };
		205BBB151D7AFC4800C30FBA /* CoreMotion.framework in Frameworks */ = {isa = PBXBuildFile; fileRef = 205BBB051D7AFC4800C30FBA /* CoreMotion.framework */; };
		205BBB161D7AFC4800C30FBA /* CoreTelephony.framework in Frameworks */ = {isa = PBXBuildFile; fileRef = 205BBB061D7AFC4800C30FBA /* CoreTelephony.framework */; };
		205BBB171D7AFC4800C30FBA /* CoreText.framework in Frameworks */ = {isa = PBXBuildFile; fileRef = 205BBB071D7AFC4800C30FBA /* CoreText.framework */; };
		205BBB181D7AFC4800C30FBA /* Foundation.framework in Frameworks */ = {isa = PBXBuildFile; fileRef = 205BBB081D7AFC4800C30FBA /* Foundation.framework */; };
		205BBB191D7AFC4800C30FBA /* MessageUI.framework in Frameworks */ = {isa = PBXBuildFile; fileRef = 205BBB091D7AFC4800C30FBA /* MessageUI.framework */; };
		205BBB1A1D7AFC4800C30FBA /* QuartzCore.framework in Frameworks */ = {isa = PBXBuildFile; fileRef = 205BBB0A1D7AFC4800C30FBA /* QuartzCore.framework */; };
		205BBB1B1D7AFC4800C30FBA /* SystemConfiguration.framework in Frameworks */ = {isa = PBXBuildFile; fileRef = 205BBB0B1D7AFC4800C30FBA /* SystemConfiguration.framework */; };
		205BBB1C1D7AFC4800C30FBA /* UIKit.framework in Frameworks */ = {isa = PBXBuildFile; fileRef = 205BBB0C1D7AFC4800C30FBA /* UIKit.framework */; };
		205BBB1D1D7AFC4800C30FBA /* libc++.tbd in Frameworks */ = {isa = PBXBuildFile; fileRef = 205BBB0D1D7AFC4800C30FBA /* libc++.tbd */; };
		205BBB1E1D7AFC4800C30FBA /* libz.tbd in Frameworks */ = {isa = PBXBuildFile; fileRef = 205BBB0E1D7AFC4800C30FBA /* libz.tbd */; };
		205BBB201D7AFCC600C30FBA /* GameKit.framework in Frameworks */ = {isa = PBXBuildFile; fileRef = 205BBB1F1D7AFCC600C30FBA /* GameKit.framework */; };
		206F43F01D71AEE400A1F099 /* FBSDKCoreKit.framework in Frameworks */ = {isa = PBXBuildFile; fileRef = 206F43A81D71AEE300A1F099 /* FBSDKCoreKit.framework */; };
		206F43F11D71AEE400A1F099 /* FBSDKLoginKit.framework in Frameworks */ = {isa = PBXBuildFile; fileRef = 206F43A91D71AEE300A1F099 /* FBSDKLoginKit.framework */; };
		206F43F21D71AEE400A1F099 /* FBSDKMessengerShareKit.framework in Frameworks */ = {isa = PBXBuildFile; fileRef = 206F43AA1D71AEE300A1F099 /* FBSDKMessengerShareKit.framework */; };
		206F43F31D71AEE400A1F099 /* FBSDKShareKit.framework in Frameworks */ = {isa = PBXBuildFile; fileRef = 206F43AB1D71AEE300A1F099 /* FBSDKShareKit.framework */; };
		206F43F41D71AEE400A1F099 /* GoogleSignIn.bundle in Resources */ = {isa = PBXBuildFile; fileRef = 206F43AD1D71AEE400A1F099 /* GoogleSignIn.bundle */; };
		206F43F51D71AEE400A1F099 /* GoogleSignIn.framework in Frameworks */ = {isa = PBXBuildFile; fileRef = 206F43AE1D71AEE400A1F099 /* GoogleSignIn.framework */; };
		20A843C21F9099EC00E9FC13 /* MobileCoreServices.framework in Frameworks */ = {isa = PBXBuildFile; fileRef = 20A843BE1F9096E800E9FC13 /* MobileCoreServices.framework */; };
		20A843C31F9099F400E9FC13 /* ImageIO.framework in Frameworks */ = {isa = PBXBuildFile; fileRef = 20A843C01F90993900E9FC13 /* ImageIO.framework */; };
		20A843C41F909B1900E9FC13 /* MediaPlayer.framework in Frameworks */ = {isa = PBXBuildFile; fileRef = 203A12921F8E1B4800CF6925 /* MediaPlayer.framework */; };
		20A843C51F909BD300E9FC13 /* CoreMedia.framework in Frameworks */ = {isa = PBXBuildFile; fileRef = 203A128A1F8E1AD900CF6925 /* CoreMedia.framework */; };
		20B808081F8F142400A6A274 /* libxml2.tbd in Frameworks */ = {isa = PBXBuildFile; fileRef = 20B808071F8F142400A6A274 /* libxml2.tbd */; };
		20B8080A1F8F14E100A6A274 /* Social.framework in Frameworks */ = {isa = PBXBuildFile; fileRef = 20B808091F8F14E100A6A274 /* Social.framework */; };
		20D879181FC59667004BB3D1 /* Reachability.m in Sources */ = {isa = PBXBuildFile; fileRef = 20D879171FC59667004BB3D1 /* Reachability.m */; };
		20FF837F19D55D4B00F3343C /* EGLSSDK_Framework.framework in Frameworks */ = {isa = PBXBuildFile; fileRef = 20FF837E19D55D4B00F3343C /* EGLSSDK_Framework.framework */; };
		251B9A7220C80E6C006C6160 /* AH2_Info.plist in Resources */ = {isa = PBXBuildFile; fileRef = 251B9A7120C80E6C006C6160 /* AH2_Info.plist */; };
		252858932029D1050095BCC5 /* AFURLResponseSerialization.m in Sources */ = {isa = PBXBuildFile; fileRef = 252858582029D1050095BCC5 /* AFURLResponseSerialization.m */; settings = {COMPILER_FLAGS = "-fobjc-arc"; }; };
		252858942029D1050095BCC5 /* AFHTTPSessionManager.m in Sources */ = {isa = PBXBuildFile; fileRef = 252858592029D1050095BCC5 /* AFHTTPSessionManager.m */; settings = {COMPILER_FLAGS = "-fobjc-arc"; }; };
		252858952029D1050095BCC5 /* AFURLSessionManager.m in Sources */ = {isa = PBXBuildFile; fileRef = 2528585B2029D1050095BCC5 /* AFURLSessionManager.m */; settings = {COMPILER_FLAGS = "-fobjc-arc"; }; };
		252858962029D1050095BCC5 /* AFURLRequestSerialization.m in Sources */ = {isa = PBXBuildFile; fileRef = 2528585C2029D1050095BCC5 /* AFURLRequestSerialization.m */; settings = {COMPILER_FLAGS = "-fobjc-arc"; }; };
		252858972029D1050095BCC5 /* AFNetworkReachabilityManager.m in Sources */ = {isa = PBXBuildFile; fileRef = 2528585E2029D1050095BCC5 /* AFNetworkReachabilityManager.m */; settings = {COMPILER_FLAGS = "-fobjc-arc"; }; };
		252858982029D1050095BCC5 /* AFSecurityPolicy.m in Sources */ = {isa = PBXBuildFile; fileRef = 2528585F2029D1050095BCC5 /* AFSecurityPolicy.m */; settings = {COMPILER_FLAGS = "-fobjc-arc"; }; };
		252858992029D1050095BCC5 /* UIImage+WebP.m in Sources */ = {isa = PBXBuildFile; fileRef = 252858622029D1050095BCC5 /* UIImage+WebP.m */; settings = {COMPILER_FLAGS = "-fobjc-arc"; }; };
		2528589A2029D1050095BCC5 /* SDWebImageManager.m in Sources */ = {isa = PBXBuildFile; fileRef = 252858652029D1050095BCC5 /* SDWebImageManager.m */; settings = {COMPILER_FLAGS = "-fobjc-arc"; }; };
		2528589B2029D1050095BCC5 /* SDWebImageDecoder.m in Sources */ = {isa = PBXBuildFile; fileRef = 252858662029D1050095BCC5 /* SDWebImageDecoder.m */; settings = {COMPILER_FLAGS = "-fobjc-arc"; }; };
		2528589C2029D1050095BCC5 /* UIImageView+HighlightedWebCache.m in Sources */ = {isa = PBXBuildFile; fileRef = 252858682029D1050095BCC5 /* UIImageView+HighlightedWebCache.m */; settings = {COMPILER_FLAGS = "-fobjc-arc"; }; };
		2528589D2029D1050095BCC5 /* SDWebImageDownloader.m in Sources */ = {isa = PBXBuildFile; fileRef = 2528586A2029D1050095BCC5 /* SDWebImageDownloader.m */; settings = {COMPILER_FLAGS = "-fobjc-arc"; }; };
		2528589E2029D1050095BCC5 /* UIImage+GIF.m in Sources */ = {isa = PBXBuildFile; fileRef = 2528586B2029D1050095BCC5 /* UIImage+GIF.m */; settings = {COMPILER_FLAGS = "-fobjc-arc"; }; };
		2528589F2029D1050095BCC5 /* UIImage+MultiFormat.m in Sources */ = {isa = PBXBuildFile; fileRef = 2528586D2029D1050095BCC5 /* UIImage+MultiFormat.m */; settings = {COMPILER_FLAGS = "-fobjc-arc"; }; };
		252858A02029D1050095BCC5 /* SDWebImageCompat.m in Sources */ = {isa = PBXBuildFile; fileRef = 2528586E2029D1050095BCC5 /* SDWebImageCompat.m */; settings = {COMPILER_FLAGS = "-fobjc-arc"; }; };
		252858A12029D1050095BCC5 /* SDWebImagePrefetcher.m in Sources */ = {isa = PBXBuildFile; fileRef = 2528586F2029D1050095BCC5 /* SDWebImagePrefetcher.m */; settings = {COMPILER_FLAGS = "-fobjc-arc"; }; };
		252858A22029D1050095BCC5 /* SDImageCache.m in Sources */ = {isa = PBXBuildFile; fileRef = 252858722029D1050095BCC5 /* SDImageCache.m */; settings = {COMPILER_FLAGS = "-fobjc-arc"; }; };
		252858A32029D1050095BCC5 /* SDWebImageDownloaderOperation.m in Sources */ = {isa = PBXBuildFile; fileRef = 252858742029D1050095BCC5 /* SDWebImageDownloaderOperation.m */; settings = {COMPILER_FLAGS = "-fobjc-arc"; }; };
		252858A42029D1050095BCC5 /* NSData+ImageContentType.m in Sources */ = {isa = PBXBuildFile; fileRef = 252858772029D1050095BCC5 /* NSData+ImageContentType.m */; settings = {COMPILER_FLAGS = "-fobjc-arc"; }; };
		252858A52029D1050095BCC5 /* UIImageView+WebCache.m in Sources */ = {isa = PBXBuildFile; fileRef = 252858782029D1050095BCC5 /* UIImageView+WebCache.m */; settings = {COMPILER_FLAGS = "-fobjc-arc"; }; };
		252858A62029D1050095BCC5 /* UIView+WebCacheOperation.m in Sources */ = {isa = PBXBuildFile; fileRef = 2528587B2029D1050095BCC5 /* UIView+WebCacheOperation.m */; settings = {COMPILER_FLAGS = "-fobjc-arc"; }; };
		252858A72029D1050095BCC5 /* UIButton+WebCache.m in Sources */ = {isa = PBXBuildFile; fileRef = 2528587F2029D1050095BCC5 /* UIButton+WebCache.m */; settings = {COMPILER_FLAGS = "-fobjc-arc"; }; };
		252858A82029D1050095BCC5 /* NaverAuth.bundle in Resources */ = {isa = PBXBuildFile; fileRef = 252858832029D1050095BCC5 /* NaverAuth.bundle */; };
		252858A92029D1050095BCC5 /* libNaverLogin.a in Frameworks */ = {isa = PBXBuildFile; fileRef = 252858852029D1050095BCC5 /* libNaverLogin.a */; };
		252858AA2029D1050095BCC5 /* NLoginThirdPartyOAuth20InAppBrowserViewController.m in Sources */ = {isa = PBXBuildFile; fileRef = 252858872029D1050095BCC5 /* NLoginThirdPartyOAuth20InAppBrowserViewController.m */; settings = {COMPILER_FLAGS = "-fobjc-arc"; }; };
		252858AB2029D1050095BCC5 /* libApiGateway-MAC.a in Frameworks */ = {isa = PBXBuildFile; fileRef = 252858892029D1050095BCC5 /* libApiGateway-MAC.a */; };
		252858AC2029D1050095BCC5 /* FLAnimatedImage.m in Sources */ = {isa = PBXBuildFile; fileRef = 2528588F2029D1050095BCC5 /* FLAnimatedImage.m */; settings = {COMPILER_FLAGS = "-fobjc-arc"; }; };
		252858AD2029D1050095BCC5 /* FLAnimatedImageView.m in Sources */ = {isa = PBXBuildFile; fileRef = 252858902029D1050095BCC5 /* FLAnimatedImageView.m */; settings = {COMPILER_FLAGS = "-fobjc-arc"; }; };
		256A434820732CAB00B8823F /* AdBrix.framework in Frameworks */ = {isa = PBXBuildFile; fileRef = 256A434520732CAB00B8823F /* AdBrix.framework */; };
		256A434920732CAB00B8823F /* IgaworksCore.framework in Frameworks */ = {isa = PBXBuildFile; fileRef = 256A434620732CAB00B8823F /* IgaworksCore.framework */; };
		256A434A20732CAB00B8823F /* LiveOps.framework in Frameworks */ = {isa = PBXBuildFile; fileRef = 256A434720732CAB00B8823F /* LiveOps.framework */; };
		257EA744206E48C700099A31 /* libAppsFlyerLib.a in Frameworks */ = {isa = PBXBuildFile; fileRef = 257EA741206E48C700099A31 /* libAppsFlyerLib.a */; };
		E6D019A91C5A1F2A0068435D /* AppDelegate.m in Sources */ = {isa = PBXBuildFile; fileRef = E6D019A81C5A1F2A0068435D /* AppDelegate.m */; };
		F4342FF0196FE66B006ED738 /* main.m in Sources */ = {isa = PBXBuildFile; fileRef = F4342FC6196FE440006ED738 /* main.m */; };
/* End PBXBuildFile section */

/* Begin PBXFileReference section */
		2000D1161E20C6280007EDC4 /* EGLSSDK_Demo Framework-Info-KR.plist */ = {isa = PBXFileReference; lastKnownFileType = text.plist.xml; path = "EGLSSDK_Demo Framework-Info-KR.plist"; sourceTree = "<group>"; };
		201D80CD1FD0102400764CCC /* NaverCafeSDK.bundle */ = {isa = PBXFileReference; lastKnownFileType = "wrapper.plug-in"; path = NaverCafeSDK.bundle; sourceTree = "<group>"; };
		201D80CE1FD0102400764CCC /* NaverCafeSDK.framework */ = {isa = PBXFileReference; lastKnownFileType = wrapper.framework; path = NaverCafeSDK.framework; sourceTree = "<group>"; };
		201D80D21FD010DF00764CCC /* libWeChatSDK.a */ = {isa = PBXFileReference; lastKnownFileType = archive.ar; path = libWeChatSDK.a; sourceTree = "<group>"; };
		201D80D31FD010DF00764CCC /* README.txt */ = {isa = PBXFileReference; fileEncoding = 4; lastKnownFileType = text; path = README.txt; sourceTree = "<group>"; };
		201D80D41FD010DF00764CCC /* WechatAuthSDK.h */ = {isa = PBXFileReference; fileEncoding = 4; lastKnownFileType = sourcecode.c.h; path = WechatAuthSDK.h; sourceTree = "<group>"; };
		201D80D51FD010DF00764CCC /* WXApi.h */ = {isa = PBXFileReference; fileEncoding = 4; lastKnownFileType = sourcecode.c.h; path = WXApi.h; sourceTree = "<group>"; };
		201D80D61FD010DF00764CCC /* WXApiObject.h */ = {isa = PBXFileReference; fileEncoding = 4; lastKnownFileType = sourcecode.c.h; path = WXApiObject.h; sourceTree = "<group>"; };
		203A126F1F8E0AF500CF6925 /* EGLSSDK_Demo Framework.entitlements */ = {isa = PBXFileReference; lastKnownFileType = text.plist.entitlements; path = "EGLSSDK_Demo Framework.entitlements"; sourceTree = "<group>"; };
		203A12841F8E1A7800CF6925 /* Security.framework */ = {isa = PBXFileReference; lastKnownFileType = wrapper.framework; name = Security.framework; path = System/Library/Frameworks/Security.framework; sourceTree = SDKROOT; };
		203A12861F8E1A9600CF6925 /* libsqlite3.0.tbd */ = {isa = PBXFileReference; lastKnownFileType = "sourcecode.text-based-dylib-definition"; name = libsqlite3.0.tbd; path = usr/lib/libsqlite3.0.tbd; sourceTree = SDKROOT; };
		203A12881F8E1AA600CF6925 /* iAd.framework */ = {isa = PBXFileReference; lastKnownFileType = wrapper.framework; name = iAd.framework; path = System/Library/Frameworks/iAd.framework; sourceTree = SDKROOT; };
		203A128A1F8E1AD900CF6925 /* CoreMedia.framework */ = {isa = PBXFileReference; lastKnownFileType = wrapper.framework; name = CoreMedia.framework; path = System/Library/Frameworks/CoreMedia.framework; sourceTree = SDKROOT; };
		203A128C1F8E1AEE00CF6925 /* AVFoundation.framework */ = {isa = PBXFileReference; lastKnownFileType = wrapper.framework; name = AVFoundation.framework; path = System/Library/Frameworks/AVFoundation.framework; sourceTree = SDKROOT; };
		203A128E1F8E1AF400CF6925 /* AVKit.framework */ = {isa = PBXFileReference; lastKnownFileType = wrapper.framework; name = AVKit.framework; path = System/Library/Frameworks/AVKit.framework; sourceTree = SDKROOT; };
		203A12901F8E1B1D00CF6925 /* ReplayKit.framework */ = {isa = PBXFileReference; lastKnownFileType = wrapper.framework; name = ReplayKit.framework; path = System/Library/Frameworks/ReplayKit.framework; sourceTree = SDKROOT; };
		203A12921F8E1B4800CF6925 /* MediaPlayer.framework */ = {isa = PBXFileReference; lastKnownFileType = wrapper.framework; name = MediaPlayer.framework; path = System/Library/Frameworks/MediaPlayer.framework; sourceTree = SDKROOT; };
		203A12941F8E1BAD00CF6925 /* AssetsLibrary.framework */ = {isa = PBXFileReference; lastKnownFileType = wrapper.framework; name = AssetsLibrary.framework; path = System/Library/Frameworks/AssetsLibrary.framework; sourceTree = SDKROOT; };
		203A12961F8E1C5500CF6925 /* WebKit.framework */ = {isa = PBXFileReference; lastKnownFileType = wrapper.framework; name = WebKit.framework; path = System/Library/Frameworks/WebKit.framework; sourceTree = SDKROOT; };
		203A13011F8E3EA400CF6925 /* EGLSSDKRES.bundle */ = {isa = PBXFileReference; lastKnownFileType = "wrapper.plug-in"; name = EGLSSDKRES.bundle; path = ../EGLSSDK_Framework/EGLSSDKRES.bundle; sourceTree = "<group>"; };
		204F0F3B1D77C80B00B46CCC /* Images.xcassets */ = {isa = PBXFileReference; lastKnownFileType = folder.assetcatalog; path = Images.xcassets; sourceTree = "<group>"; };
		205BBAFF1D7AFC4800C30FBA /* AddressBook.framework */ = {isa = PBXFileReference; lastKnownFileType = wrapper.framework; name = AddressBook.framework; path = System/Library/Frameworks/AddressBook.framework; sourceTree = SDKROOT; };
		205BBB001D7AFC4800C30FBA /* SafariServices.framework */ = {isa = PBXFileReference; lastKnownFileType = wrapper.framework; name = SafariServices.framework; path = System/Library/Frameworks/SafariServices.framework; sourceTree = SDKROOT; };
		205BBB011D7AFC4800C30FBA /* StoreKit.framework */ = {isa = PBXFileReference; lastKnownFileType = wrapper.framework; name = StoreKit.framework; path = System/Library/Frameworks/StoreKit.framework; sourceTree = SDKROOT; };
		205BBB021D7AFC4800C30FBA /* AdSupport.framework */ = {isa = PBXFileReference; lastKnownFileType = wrapper.framework; name = AdSupport.framework; path = System/Library/Frameworks/AdSupport.framework; sourceTree = SDKROOT; };
		205BBB031D7AFC4800C30FBA /* CFNetwork.framework */ = {isa = PBXFileReference; lastKnownFileType = wrapper.framework; name = CFNetwork.framework; path = System/Library/Frameworks/CFNetwork.framework; sourceTree = SDKROOT; };
		205BBB041D7AFC4800C30FBA /* CoreGraphics.framework */ = {isa = PBXFileReference; lastKnownFileType = wrapper.framework; name = CoreGraphics.framework; path = System/Library/Frameworks/CoreGraphics.framework; sourceTree = SDKROOT; };
		205BBB051D7AFC4800C30FBA /* CoreMotion.framework */ = {isa = PBXFileReference; lastKnownFileType = wrapper.framework; name = CoreMotion.framework; path = System/Library/Frameworks/CoreMotion.framework; sourceTree = SDKROOT; };
		205BBB061D7AFC4800C30FBA /* CoreTelephony.framework */ = {isa = PBXFileReference; lastKnownFileType = wrapper.framework; name = CoreTelephony.framework; path = System/Library/Frameworks/CoreTelephony.framework; sourceTree = SDKROOT; };
		205BBB071D7AFC4800C30FBA /* CoreText.framework */ = {isa = PBXFileReference; lastKnownFileType = wrapper.framework; name = CoreText.framework; path = System/Library/Frameworks/CoreText.framework; sourceTree = SDKROOT; };
		205BBB081D7AFC4800C30FBA /* Foundation.framework */ = {isa = PBXFileReference; lastKnownFileType = wrapper.framework; name = Foundation.framework; path = System/Library/Frameworks/Foundation.framework; sourceTree = SDKROOT; };
		205BBB091D7AFC4800C30FBA /* MessageUI.framework */ = {isa = PBXFileReference; lastKnownFileType = wrapper.framework; name = MessageUI.framework; path = System/Library/Frameworks/MessageUI.framework; sourceTree = SDKROOT; };
		205BBB0A1D7AFC4800C30FBA /* QuartzCore.framework */ = {isa = PBXFileReference; lastKnownFileType = wrapper.framework; name = QuartzCore.framework; path = System/Library/Frameworks/QuartzCore.framework; sourceTree = SDKROOT; };
		205BBB0B1D7AFC4800C30FBA /* SystemConfiguration.framework */ = {isa = PBXFileReference; lastKnownFileType = wrapper.framework; name = SystemConfiguration.framework; path = System/Library/Frameworks/SystemConfiguration.framework; sourceTree = SDKROOT; };
		205BBB0C1D7AFC4800C30FBA /* UIKit.framework */ = {isa = PBXFileReference; lastKnownFileType = wrapper.framework; name = UIKit.framework; path = System/Library/Frameworks/UIKit.framework; sourceTree = SDKROOT; };
		205BBB0D1D7AFC4800C30FBA /* libc++.tbd */ = {isa = PBXFileReference; fileEncoding = 4; lastKnownFileType = "sourcecode.text-based-dylib-definition"; name = "libc++.tbd"; path = "usr/lib/libc++.tbd"; sourceTree = SDKROOT; };
		205BBB0E1D7AFC4800C30FBA /* libz.tbd */ = {isa = PBXFileReference; fileEncoding = 4; lastKnownFileType = "sourcecode.text-based-dylib-definition"; name = libz.tbd; path = usr/lib/libz.tbd; sourceTree = SDKROOT; };
		205BBB1F1D7AFCC600C30FBA /* GameKit.framework */ = {isa = PBXFileReference; lastKnownFileType = wrapper.framework; name = GameKit.framework; path = System/Library/Frameworks/GameKit.framework; sourceTree = SDKROOT; };
		206F43A81D71AEE300A1F099 /* FBSDKCoreKit.framework */ = {isa = PBXFileReference; lastKnownFileType = wrapper.framework; path = FBSDKCoreKit.framework; sourceTree = "<group>"; };
		206F43A91D71AEE300A1F099 /* FBSDKLoginKit.framework */ = {isa = PBXFileReference; lastKnownFileType = wrapper.framework; path = FBSDKLoginKit.framework; sourceTree = "<group>"; };
		206F43AA1D71AEE300A1F099 /* FBSDKMessengerShareKit.framework */ = {isa = PBXFileReference; lastKnownFileType = wrapper.framework; path = FBSDKMessengerShareKit.framework; sourceTree = "<group>"; };
		206F43AB1D71AEE300A1F099 /* FBSDKShareKit.framework */ = {isa = PBXFileReference; lastKnownFileType = wrapper.framework; path = FBSDKShareKit.framework; sourceTree = "<group>"; };
		206F43AD1D71AEE400A1F099 /* GoogleSignIn.bundle */ = {isa = PBXFileReference; lastKnownFileType = "wrapper.plug-in"; path = GoogleSignIn.bundle; sourceTree = "<group>"; };
		206F43AE1D71AEE400A1F099 /* GoogleSignIn.framework */ = {isa = PBXFileReference; lastKnownFileType = wrapper.framework; path = GoogleSignIn.framework; sourceTree = "<group>"; };
		20789C5C1D8E633C005884A1 /* EGLSSDK_Demo Framework-Info-TW.plist */ = {isa = PBXFileReference; fileEncoding = 4; lastKnownFileType = text.plist.xml; path = "EGLSSDK_Demo Framework-Info-TW.plist"; sourceTree = "<group>"; };
		20A843BE1F9096E800E9FC13 /* MobileCoreServices.framework */ = {isa = PBXFileReference; lastKnownFileType = wrapper.framework; name = MobileCoreServices.framework; path = System/Library/Frameworks/MobileCoreServices.framework; sourceTree = SDKROOT; };
		20A843C01F90993900E9FC13 /* ImageIO.framework */ = {isa = PBXFileReference; lastKnownFileType = wrapper.framework; name = ImageIO.framework; path = System/Library/Frameworks/ImageIO.framework; sourceTree = SDKROOT; };
		20B808071F8F142400A6A274 /* libxml2.tbd */ = {isa = PBXFileReference; lastKnownFileType = "sourcecode.text-based-dylib-definition"; name = libxml2.tbd; path = usr/lib/libxml2.tbd; sourceTree = SDKROOT; };
		20B808091F8F14E100A6A274 /* Social.framework */ = {isa = PBXFileReference; lastKnownFileType = wrapper.framework; name = Social.framework; path = System/Library/Frameworks/Social.framework; sourceTree = SDKROOT; };
		20D879161FC59667004BB3D1 /* Reachability.h */ = {isa = PBXFileReference; fileEncoding = 4; lastKnownFileType = sourcecode.c.h; path = Reachability.h; sourceTree = "<group>"; };
		20D879171FC59667004BB3D1 /* Reachability.m */ = {isa = PBXFileReference; fileEncoding = 4; lastKnownFileType = sourcecode.c.objc; path = Reachability.m; sourceTree = "<group>"; };
		20FF837E19D55D4B00F3343C /* EGLSSDK_Framework.framework */ = {isa = PBXFileReference; lastKnownFileType = wrapper.framework; name = EGLSSDK_Framework.framework; path = ../EGLSSDK_Framework/EGLSSDK_Framework.framework; sourceTree = "<group>"; };
		251B9A7120C80E6C006C6160 /* AH2_Info.plist */ = {isa = PBXFileReference; fileEncoding = 4; lastKnownFileType = text.plist.xml; path = AH2_Info.plist; sourceTree = "<group>"; };
		252858542029D1050095BCC5 /* AFSecurityPolicy.h */ = {isa = PBXFileReference; fileEncoding = 4; lastKnownFileType = sourcecode.c.h; path = AFSecurityPolicy.h; sourceTree = "<group>"; };
		252858552029D1050095BCC5 /* AFNetworkReachabilityManager.h */ = {isa = PBXFileReference; fileEncoding = 4; lastKnownFileType = sourcecode.c.h; path = AFNetworkReachabilityManager.h; sourceTree = "<group>"; };
		252858562029D1050095BCC5 /* AFURLSessionManager.h */ = {isa = PBXFileReference; fileEncoding = 4; lastKnownFileType = sourcecode.c.h; path = AFURLSessionManager.h; sourceTree = "<group>"; };
		252858572029D1050095BCC5 /* AFURLRequestSerialization.h */ = {isa = PBXFileReference; fileEncoding = 4; lastKnownFileType = sourcecode.c.h; path = AFURLRequestSerialization.h; sourceTree = "<group>"; };
		252858582029D1050095BCC5 /* AFURLResponseSerialization.m */ = {isa = PBXFileReference; fileEncoding = 4; lastKnownFileType = sourcecode.c.objc; path = AFURLResponseSerialization.m; sourceTree = "<group>"; };
		252858592029D1050095BCC5 /* AFHTTPSessionManager.m */ = {isa = PBXFileReference; fileEncoding = 4; lastKnownFileType = sourcecode.c.objc; path = AFHTTPSessionManager.m; sourceTree = "<group>"; };
		2528585A2029D1050095BCC5 /* AFURLResponseSerialization.h */ = {isa = PBXFileReference; fileEncoding = 4; lastKnownFileType = sourcecode.c.h; path = AFURLResponseSerialization.h; sourceTree = "<group>"; };
		2528585B2029D1050095BCC5 /* AFURLSessionManager.m */ = {isa = PBXFileReference; fileEncoding = 4; lastKnownFileType = sourcecode.c.objc; path = AFURLSessionManager.m; sourceTree = "<group>"; };
		2528585C2029D1050095BCC5 /* AFURLRequestSerialization.m */ = {isa = PBXFileReference; fileEncoding = 4; lastKnownFileType = sourcecode.c.objc; path = AFURLRequestSerialization.m; sourceTree = "<group>"; };
		2528585D2029D1050095BCC5 /* AFNetworking.h */ = {isa = PBXFileReference; fileEncoding = 4; lastKnownFileType = sourcecode.c.h; path = AFNetworking.h; sourceTree = "<group>"; };
		2528585E2029D1050095BCC5 /* AFNetworkReachabilityManager.m */ = {isa = PBXFileReference; fileEncoding = 4; lastKnownFileType = sourcecode.c.objc; path = AFNetworkReachabilityManager.m; sourceTree = "<group>"; };
		2528585F2029D1050095BCC5 /* AFSecurityPolicy.m */ = {isa = PBXFileReference; fileEncoding = 4; lastKnownFileType = sourcecode.c.objc; path = AFSecurityPolicy.m; sourceTree = "<group>"; };
		252858602029D1050095BCC5 /* AFHTTPSessionManager.h */ = {isa = PBXFileReference; fileEncoding = 4; lastKnownFileType = sourcecode.c.h; path = AFHTTPSessionManager.h; sourceTree = "<group>"; };
		252858622029D1050095BCC5 /* UIImage+WebP.m */ = {isa = PBXFileReference; fileEncoding = 4; lastKnownFileType = sourcecode.c.objc; path = "UIImage+WebP.m"; sourceTree = "<group>"; };
		252858632029D1050095BCC5 /* UIImageView+WebCache.h */ = {isa = PBXFileReference; fileEncoding = 4; lastKnownFileType = sourcecode.c.h; path = "UIImageView+WebCache.h"; sourceTree = "<group>"; };
		252858642029D1050095BCC5 /* NSData+ImageContentType.h */ = {isa = PBXFileReference; fileEncoding = 4; lastKnownFileType = sourcecode.c.h; path = "NSData+ImageContentType.h"; sourceTree = "<group>"; };
		252858652029D1050095BCC5 /* SDWebImageManager.m */ = {isa = PBXFileReference; fileEncoding = 4; lastKnownFileType = sourcecode.c.objc; path = SDWebImageManager.m; sourceTree = "<group>"; };
		252858662029D1050095BCC5 /* SDWebImageDecoder.m */ = {isa = PBXFileReference; fileEncoding = 4; lastKnownFileType = sourcecode.c.objc; path = SDWebImageDecoder.m; sourceTree = "<group>"; };
		252858672029D1050095BCC5 /* SDWebImageDownloaderOperation.h */ = {isa = PBXFileReference; fileEncoding = 4; lastKnownFileType = sourcecode.c.h; path = SDWebImageDownloaderOperation.h; sourceTree = "<group>"; };
		252858682029D1050095BCC5 /* UIImageView+HighlightedWebCache.m */ = {isa = PBXFileReference; fileEncoding = 4; lastKnownFileType = sourcecode.c.objc; path = "UIImageView+HighlightedWebCache.m"; sourceTree = "<group>"; };
		252858692029D1050095BCC5 /* SDImageCache.h */ = {isa = PBXFileReference; fileEncoding = 4; lastKnownFileType = sourcecode.c.h; path = SDImageCache.h; sourceTree = "<group>"; };
		2528586A2029D1050095BCC5 /* SDWebImageDownloader.m */ = {isa = PBXFileReference; fileEncoding = 4; lastKnownFileType = sourcecode.c.objc; path = SDWebImageDownloader.m; sourceTree = "<group>"; };
		2528586B2029D1050095BCC5 /* UIImage+GIF.m */ = {isa = PBXFileReference; fileEncoding = 4; lastKnownFileType = sourcecode.c.objc; path = "UIImage+GIF.m"; sourceTree = "<group>"; };
		2528586C2029D1050095BCC5 /* UIButton+WebCache.h */ = {isa = PBXFileReference; fileEncoding = 4; lastKnownFileType = sourcecode.c.h; path = "UIButton+WebCache.h"; sourceTree = "<group>"; };
		2528586D2029D1050095BCC5 /* UIImage+MultiFormat.m */ = {isa = PBXFileReference; fileEncoding = 4; lastKnownFileType = sourcecode.c.objc; path = "UIImage+MultiFormat.m"; sourceTree = "<group>"; };
		2528586E2029D1050095BCC5 /* SDWebImageCompat.m */ = {isa = PBXFileReference; fileEncoding = 4; lastKnownFileType = sourcecode.c.objc; path = SDWebImageCompat.m; sourceTree = "<group>"; };
		2528586F2029D1050095BCC5 /* SDWebImagePrefetcher.m */ = {isa = PBXFileReference; fileEncoding = 4; lastKnownFileType = sourcecode.c.objc; path = SDWebImagePrefetcher.m; sourceTree = "<group>"; };
		252858702029D1050095BCC5 /* UIView+WebCacheOperation.h */ = {isa = PBXFileReference; fileEncoding = 4; lastKnownFileType = sourcecode.c.h; path = "UIView+WebCacheOperation.h"; sourceTree = "<group>"; };
		252858712029D1050095BCC5 /* UIImage+WebP.h */ = {isa = PBXFileReference; fileEncoding = 4; lastKnownFileType = sourcecode.c.h; path = "UIImage+WebP.h"; sourceTree = "<group>"; };
		252858722029D1050095BCC5 /* SDImageCache.m */ = {isa = PBXFileReference; fileEncoding = 4; lastKnownFileType = sourcecode.c.objc; path = SDImageCache.m; sourceTree = "<group>"; };
		252858732029D1050095BCC5 /* UIImageView+HighlightedWebCache.h */ = {isa = PBXFileReference; fileEncoding = 4; lastKnownFileType = sourcecode.c.h; path = "UIImageView+HighlightedWebCache.h"; sourceTree = "<group>"; };
		252858742029D1050095BCC5 /* SDWebImageDownloaderOperation.m */ = {isa = PBXFileReference; fileEncoding = 4; lastKnownFileType = sourcecode.c.objc; path = SDWebImageDownloaderOperation.m; sourceTree = "<group>"; };
		252858752029D1050095BCC5 /* SDWebImageDecoder.h */ = {isa = PBXFileReference; fileEncoding = 4; lastKnownFileType = sourcecode.c.h; path = SDWebImageDecoder.h; sourceTree = "<group>"; };
		252858762029D1050095BCC5 /* SDWebImageManager.h */ = {isa = PBXFileReference; fileEncoding = 4; lastKnownFileType = sourcecode.c.h; path = SDWebImageManager.h; sourceTree = "<group>"; };
		252858772029D1050095BCC5 /* NSData+ImageContentType.m */ = {isa = PBXFileReference; fileEncoding = 4; lastKnownFileType = sourcecode.c.objc; path = "NSData+ImageContentType.m"; sourceTree = "<group>"; };
		252858782029D1050095BCC5 /* UIImageView+WebCache.m */ = {isa = PBXFileReference; fileEncoding = 4; lastKnownFileType = sourcecode.c.objc; path = "UIImageView+WebCache.m"; sourceTree = "<group>"; };
		252858792029D1050095BCC5 /* SDWebImageOperation.h */ = {isa = PBXFileReference; fileEncoding = 4; lastKnownFileType = sourcecode.c.h; path = SDWebImageOperation.h; sourceTree = "<group>"; };
		2528587A2029D1050095BCC5 /* SDWebImageDownloader.h */ = {isa = PBXFileReference; fileEncoding = 4; lastKnownFileType = sourcecode.c.h; path = SDWebImageDownloader.h; sourceTree = "<group>"; };
		2528587B2029D1050095BCC5 /* UIView+WebCacheOperation.m */ = {isa = PBXFileReference; fileEncoding = 4; lastKnownFileType = sourcecode.c.objc; path = "UIView+WebCacheOperation.m"; sourceTree = "<group>"; };
		2528587C2029D1050095BCC5 /* SDWebImagePrefetcher.h */ = {isa = PBXFileReference; fileEncoding = 4; lastKnownFileType = sourcecode.c.h; path = SDWebImagePrefetcher.h; sourceTree = "<group>"; };
		2528587D2029D1050095BCC5 /* SDWebImageCompat.h */ = {isa = PBXFileReference; fileEncoding = 4; lastKnownFileType = sourcecode.c.h; path = SDWebImageCompat.h; sourceTree = "<group>"; };
		2528587E2029D1050095BCC5 /* UIImage+MultiFormat.h */ = {isa = PBXFileReference; fileEncoding = 4; lastKnownFileType = sourcecode.c.h; path = "UIImage+MultiFormat.h"; sourceTree = "<group>"; };
		2528587F2029D1050095BCC5 /* UIButton+WebCache.m */ = {isa = PBXFileReference; fileEncoding = 4; lastKnownFileType = sourcecode.c.objc; path = "UIButton+WebCache.m"; sourceTree = "<group>"; };
		252858802029D1050095BCC5 /* UIImage+GIF.h */ = {isa = PBXFileReference; fileEncoding = 4; lastKnownFileType = sourcecode.c.h; path = "UIImage+GIF.h"; sourceTree = "<group>"; };
		252858822029D1050095BCC5 /* NaverThirdPartyLoginConnection.h */ = {isa = PBXFileReference; fileEncoding = 4; lastKnownFileType = sourcecode.c.h; path = NaverThirdPartyLoginConnection.h; sourceTree = "<group>"; };
		252858832029D1050095BCC5 /* NaverAuth.bundle */ = {isa = PBXFileReference; lastKnownFileType = "wrapper.plug-in"; path = NaverAuth.bundle; sourceTree = "<group>"; };
		252858842029D1050095BCC5 /* NLoginThirdPartyOAuth20InAppBrowserViewController.h */ = {isa = PBXFileReference; fileEncoding = 4; lastKnownFileType = sourcecode.c.h; path = NLoginThirdPartyOAuth20InAppBrowserViewController.h; sourceTree = "<group>"; };
		252858852029D1050095BCC5 /* libNaverLogin.a */ = {isa = PBXFileReference; lastKnownFileType = archive.ar; path = libNaverLogin.a; sourceTree = "<group>"; };
		252858862029D1050095BCC5 /* NaverThirdPartyConstantsForApp.h */ = {isa = PBXFileReference; fileEncoding = 4; lastKnownFileType = sourcecode.c.h; path = NaverThirdPartyConstantsForApp.h; sourceTree = "<group>"; };
		252858872029D1050095BCC5 /* NLoginThirdPartyOAuth20InAppBrowserViewController.m */ = {isa = PBXFileReference; fileEncoding = 4; lastKnownFileType = sourcecode.c.objc; path = NLoginThirdPartyOAuth20InAppBrowserViewController.m; sourceTree = "<group>"; };
		252858892029D1050095BCC5 /* libApiGateway-MAC.a */ = {isa = PBXFileReference; lastKnownFileType = archive.ar; path = "libApiGateway-MAC.a"; sourceTree = "<group>"; };
		2528588B2029D1050095BCC5 /* NMacCommonManager.h */ = {isa = PBXFileReference; fileEncoding = 4; lastKnownFileType = sourcecode.c.h; path = NMacCommonManager.h; sourceTree = "<group>"; };
		2528588C2029D1050095BCC5 /* NMacManager.h */ = {isa = PBXFileReference; fileEncoding = 4; lastKnownFileType = sourcecode.c.h; path = NMacManager.h; sourceTree = "<group>"; };
		2528588D2029D1050095BCC5 /* NServiceMacManager.h */ = {isa = PBXFileReference; fileEncoding = 4; lastKnownFileType = sourcecode.c.h; path = NServiceMacManager.h; sourceTree = "<group>"; };
		2528588F2029D1050095BCC5 /* FLAnimatedImage.m */ = {isa = PBXFileReference; fileEncoding = 4; lastKnownFileType = sourcecode.c.objc; path = FLAnimatedImage.m; sourceTree = "<group>"; };
		252858902029D1050095BCC5 /* FLAnimatedImageView.m */ = {isa = PBXFileReference; fileEncoding = 4; lastKnownFileType = sourcecode.c.objc; path = FLAnimatedImageView.m; sourceTree = "<group>"; };
		252858912029D1050095BCC5 /* FLAnimatedImage.h */ = {isa = PBXFileReference; fileEncoding = 4; lastKnownFileType = sourcecode.c.h; path = FLAnimatedImage.h; sourceTree = "<group>"; };
		252858922029D1050095BCC5 /* FLAnimatedImageView.h */ = {isa = PBXFileReference; fileEncoding = 4; lastKnownFileType = sourcecode.c.h; path = FLAnimatedImageView.h; sourceTree = "<group>"; };
		256A434520732CAB00B8823F /* AdBrix.framework */ = {isa = PBXFileReference; lastKnownFileType = wrapper.framework; path = AdBrix.framework; sourceTree = "<group>"; };
		256A434620732CAB00B8823F /* IgaworksCore.framework */ = {isa = PBXFileReference; lastKnownFileType = wrapper.framework; path = IgaworksCore.framework; sourceTree = "<group>"; };
		256A434720732CAB00B8823F /* LiveOps.framework */ = {isa = PBXFileReference; lastKnownFileType = wrapper.framework; path = LiveOps.framework; sourceTree = "<group>"; };
		257EA73F206E48C600099A31 /* AppsFlyerCrossPromotionHelper.h */ = {isa = PBXFileReference; fileEncoding = 4; lastKnownFileType = sourcecode.c.h; path = AppsFlyerCrossPromotionHelper.h; sourceTree = "<group>"; };
		257EA740206E48C600099A31 /* AppsFlyerTracker.h */ = {isa = PBXFileReference; fileEncoding = 4; lastKnownFileType = sourcecode.c.h; path = AppsFlyerTracker.h; sourceTree = "<group>"; };
		257EA741206E48C700099A31 /* libAppsFlyerLib.a */ = {isa = PBXFileReference; lastKnownFileType = archive.ar; path = libAppsFlyerLib.a; sourceTree = "<group>"; };
		257EA742206E48C700099A31 /* AppsFlyerShareInviteHelper.h */ = {isa = PBXFileReference; fileEncoding = 4; lastKnownFileType = sourcecode.c.h; path = AppsFlyerShareInviteHelper.h; sourceTree = "<group>"; };
		257EA743206E48C700099A31 /* AppsFlyerLinkGenerator.h */ = {isa = PBXFileReference; fileEncoding = 4; lastKnownFileType = sourcecode.c.h; path = AppsFlyerLinkGenerator.h; sourceTree = "<group>"; };
		E6D019A81C5A1F2A0068435D /* AppDelegate.m */ = {isa = PBXFileReference; fileEncoding = 4; lastKnownFileType = sourcecode.c.objc; path = AppDelegate.m; sourceTree = "<group>"; };
		F4342FC2196FE440006ED738 /* AppDelegate.h */ = {isa = PBXFileReference; fileEncoding = 4; lastKnownFileType = sourcecode.c.h; path = AppDelegate.h; sourceTree = "<group>"; };
		F4342FC5196FE440006ED738 /* EGLSSDK_Demo-Prefix.pch */ = {isa = PBXFileReference; fileEncoding = 4; lastKnownFileType = sourcecode.c.h; path = "EGLSSDK_Demo-Prefix.pch"; sourceTree = "<group>"; };
		F4342FC6196FE440006ED738 /* main.m */ = {isa = PBXFileReference; fileEncoding = 4; lastKnownFileType = sourcecode.c.objc; path = main.m; sourceTree = "<group>"; };
		F4343006196FE66B006ED738 /* EGLSSDK_Demo Framework.app */ = {isa = PBXFileReference; explicitFileType = wrapper.application; includeInIndex = 0; path = "EGLSSDK_Demo Framework.app"; sourceTree = BUILT_PRODUCTS_DIR; };
		F4ADEE4719864B7300F06DC8 /* EGLSSDK_Demo Framework-Info.plist */ = {isa = PBXFileReference; fileEncoding = 4; lastKnownFileType = text.plist.xml; path = "EGLSSDK_Demo Framework-Info.plist"; sourceTree = "<group>"; };
/* End PBXFileReference section */

/* Begin PBXFrameworksBuildPhase section */
		F4342FF3196FE66B006ED738 /* Frameworks */ = {
			isa = PBXFrameworksBuildPhase;
			buildActionMask = 2147483647;
			files = (
				20A843C51F909BD300E9FC13 /* CoreMedia.framework in Frameworks */,
				20A843C41F909B1900E9FC13 /* MediaPlayer.framework in Frameworks */,
				20A843C31F9099F400E9FC13 /* ImageIO.framework in Frameworks */,
				20A843C21F9099EC00E9FC13 /* MobileCoreServices.framework in Frameworks */,
				20B8080A1F8F14E100A6A274 /* Social.framework in Frameworks */,
				20B808081F8F142400A6A274 /* libxml2.tbd in Frameworks */,
				252858A92029D1050095BCC5 /* libNaverLogin.a in Frameworks */,
				257EA744206E48C700099A31 /* libAppsFlyerLib.a in Frameworks */,
				201D80D01FD0102400764CCC /* NaverCafeSDK.framework in Frameworks */,
				203A12971F8E1C5500CF6925 /* WebKit.framework in Frameworks */,
				203A12951F8E1BAD00CF6925 /* AssetsLibrary.framework in Frameworks */,
				203A12911F8E1B1D00CF6925 /* ReplayKit.framework in Frameworks */,
				203A128F1F8E1AF400CF6925 /* AVKit.framework in Frameworks */,
				203A128D1F8E1AEE00CF6925 /* AVFoundation.framework in Frameworks */,
				203A12891F8E1AA600CF6925 /* iAd.framework in Frameworks */,
				256A434920732CAB00B8823F /* IgaworksCore.framework in Frameworks */,
				256A434820732CAB00B8823F /* AdBrix.framework in Frameworks */,
				252858AB2029D1050095BCC5 /* libApiGateway-MAC.a in Frameworks */,
				203A12871F8E1A9600CF6925 /* libsqlite3.0.tbd in Frameworks */,
				201D80D71FD010DF00764CCC /* libWeChatSDK.a in Frameworks */,
				203A12851F8E1A7800CF6925 /* Security.framework in Frameworks */,
				205BBB201D7AFCC600C30FBA /* GameKit.framework in Frameworks */,
				205BBB1C1D7AFC4800C30FBA /* UIKit.framework in Frameworks */,
				205BBB101D7AFC4800C30FBA /* SafariServices.framework in Frameworks */,
				256A434A20732CAB00B8823F /* LiveOps.framework in Frameworks */,
				205BBB0F1D7AFC4800C30FBA /* AddressBook.framework in Frameworks */,
				206F43F31D71AEE400A1F099 /* FBSDKShareKit.framework in Frameworks */,
				205BBB171D7AFC4800C30FBA /* CoreText.framework in Frameworks */,
				205BBB151D7AFC4800C30FBA /* CoreMotion.framework in Frameworks */,
				20FF837F19D55D4B00F3343C /* EGLSSDK_Framework.framework in Frameworks */,
				205BBB1B1D7AFC4800C30FBA /* SystemConfiguration.framework in Frameworks */,
				206F43F51D71AEE400A1F099 /* GoogleSignIn.framework in Frameworks */,
				206F43F21D71AEE400A1F099 /* FBSDKMessengerShareKit.framework in Frameworks */,
				205BBB131D7AFC4800C30FBA /* CFNetwork.framework in Frameworks */,
				206F43F11D71AEE400A1F099 /* FBSDKLoginKit.framework in Frameworks */,
				206F43F01D71AEE400A1F099 /* FBSDKCoreKit.framework in Frameworks */,
				205BBB1D1D7AFC4800C30FBA /* libc++.tbd in Frameworks */,
				205BBB1E1D7AFC4800C30FBA /* libz.tbd in Frameworks */,
				205BBB1A1D7AFC4800C30FBA /* QuartzCore.framework in Frameworks */,
				205BBB191D7AFC4800C30FBA /* MessageUI.framework in Frameworks */,
				205BBB181D7AFC4800C30FBA /* Foundation.framework in Frameworks */,
				205BBB111D7AFC4800C30FBA /* StoreKit.framework in Frameworks */,
				205BBB161D7AFC4800C30FBA /* CoreTelephony.framework in Frameworks */,
				205BBB121D7AFC4800C30FBA /* AdSupport.framework in Frameworks */,
			);
			runOnlyForDeploymentPostprocessing = 0;
		};
/* End PBXFrameworksBuildPhase section */

/* Begin PBXGroup section */
		201D80C51FD0102400764CCC /* NaverForum */ = {
			isa = PBXGroup;
			children = (
				201D80CD1FD0102400764CCC /* NaverCafeSDK.bundle */,
				201D80CE1FD0102400764CCC /* NaverCafeSDK.framework */,
			);
			path = NaverForum;
			sourceTree = "<group>";
		};
		201D80D11FD010DF00764CCC /* OpenSDK1.8.0_NoPay */ = {
			isa = PBXGroup;
			children = (
				201D80D21FD010DF00764CCC /* libWeChatSDK.a */,
				201D80D31FD010DF00764CCC /* README.txt */,
				201D80D41FD010DF00764CCC /* WechatAuthSDK.h */,
				201D80D51FD010DF00764CCC /* WXApi.h */,
				201D80D61FD010DF00764CCC /* WXApiObject.h */,
			);
			path = OpenSDK1.8.0_NoPay;
			sourceTree = "<group>";
		};
		206F439F1D71AEE300A1F099 /* 3rdLib */ = {
			isa = PBXGroup;
			children = (
				201D80D11FD010DF00764CCC /* OpenSDK1.8.0_NoPay */,
				201D80C51FD0102400764CCC /* NaverForum */,
				20D879151FC59667004BB3D1 /* Reachability */,
				206F43A51D71AEE300A1F099 /* AppsFlyer */,
				206F43A71D71AEE300A1F099 /* Facebook */,
				256A434420732CAB00B8823F /* krLib */,
				206F43AC1D71AEE300A1F099 /* Google */,
			);
			path = 3rdLib;
			sourceTree = "<group>";
		};
		206F43A51D71AEE300A1F099 /* AppsFlyer */ = {
			isa = PBXGroup;
			children = (
				257EA73F206E48C600099A31 /* AppsFlyerCrossPromotionHelper.h */,
				257EA743206E48C700099A31 /* AppsFlyerLinkGenerator.h */,
				257EA742206E48C700099A31 /* AppsFlyerShareInviteHelper.h */,
				257EA740206E48C600099A31 /* AppsFlyerTracker.h */,
				257EA741206E48C700099A31 /* libAppsFlyerLib.a */,
			);
			path = AppsFlyer;
			sourceTree = "<group>";
		};
		206F43A71D71AEE300A1F099 /* Facebook */ = {
			isa = PBXGroup;
			children = (
				206F43A81D71AEE300A1F099 /* FBSDKCoreKit.framework */,
				206F43A91D71AEE300A1F099 /* FBSDKLoginKit.framework */,
				206F43AA1D71AEE300A1F099 /* FBSDKMessengerShareKit.framework */,
				206F43AB1D71AEE300A1F099 /* FBSDKShareKit.framework */,
			);
			path = Facebook;
			sourceTree = "<group>";
		};
		206F43AC1D71AEE300A1F099 /* Google */ = {
			isa = PBXGroup;
			children = (
				206F43AD1D71AEE400A1F099 /* GoogleSignIn.bundle */,
				206F43AE1D71AEE400A1F099 /* GoogleSignIn.framework */,
			);
			path = Google;
			sourceTree = "<group>";
		};
		20C7C26719501F1F006DD9CB = {
			isa = PBXGroup;
			children = (
				252858522029D1050095BCC5 /* external-lib */,
				203A126F1F8E0AF500CF6925 /* EGLSSDK_Demo Framework.entitlements */,
				204F0F3B1D77C80B00B46CCC /* Images.xcassets */,
				203A13011F8E3EA400CF6925 /* EGLSSDKRES.bundle */,
				20FF837E19D55D4B00F3343C /* EGLSSDK_Framework.framework */,
				F41A0E0E19822E1A00F0977C /* EGLSSDK_Framework */,
				F4342FEB196FE5AE006ED738 /* EGLSSDK_Demo */,
				20C7C27219501F1F006DD9CB /* Frameworks */,
				20C7C27119501F1F006DD9CB /* Products */,
			);
			sourceTree = "<group>";
		};
		20C7C27119501F1F006DD9CB /* Products */ = {
			isa = PBXGroup;
			children = (
				F4343006196FE66B006ED738 /* EGLSSDK_Demo Framework.app */,
			);
			name = Products;
			sourceTree = "<group>";
		};
		20C7C27219501F1F006DD9CB /* Frameworks */ = {
			isa = PBXGroup;
			children = (
				20A843C01F90993900E9FC13 /* ImageIO.framework */,
				20A843BE1F9096E800E9FC13 /* MobileCoreServices.framework */,
				20B808091F8F14E100A6A274 /* Social.framework */,
				20B808071F8F142400A6A274 /* libxml2.tbd */,
				203A12961F8E1C5500CF6925 /* WebKit.framework */,
				203A12941F8E1BAD00CF6925 /* AssetsLibrary.framework */,
				203A12921F8E1B4800CF6925 /* MediaPlayer.framework */,
				203A12901F8E1B1D00CF6925 /* ReplayKit.framework */,
				203A128E1F8E1AF400CF6925 /* AVKit.framework */,
				203A128C1F8E1AEE00CF6925 /* AVFoundation.framework */,
				203A128A1F8E1AD900CF6925 /* CoreMedia.framework */,
				203A12881F8E1AA600CF6925 /* iAd.framework */,
				203A12861F8E1A9600CF6925 /* libsqlite3.0.tbd */,
				203A12841F8E1A7800CF6925 /* Security.framework */,
				205BBB1F1D7AFCC600C30FBA /* GameKit.framework */,
				205BBAFF1D7AFC4800C30FBA /* AddressBook.framework */,
				205BBB001D7AFC4800C30FBA /* SafariServices.framework */,
				205BBB011D7AFC4800C30FBA /* StoreKit.framework */,
				205BBB021D7AFC4800C30FBA /* AdSupport.framework */,
				205BBB031D7AFC4800C30FBA /* CFNetwork.framework */,
				205BBB041D7AFC4800C30FBA /* CoreGraphics.framework */,
				205BBB051D7AFC4800C30FBA /* CoreMotion.framework */,
				205BBB061D7AFC4800C30FBA /* CoreTelephony.framework */,
				205BBB071D7AFC4800C30FBA /* CoreText.framework */,
				205BBB081D7AFC4800C30FBA /* Foundation.framework */,
				205BBB091D7AFC4800C30FBA /* MessageUI.framework */,
				205BBB0A1D7AFC4800C30FBA /* QuartzCore.framework */,
				205BBB0B1D7AFC4800C30FBA /* SystemConfiguration.framework */,
				205BBB0C1D7AFC4800C30FBA /* UIKit.framework */,
				205BBB0D1D7AFC4800C30FBA /* libc++.tbd */,
				205BBB0E1D7AFC4800C30FBA /* libz.tbd */,
			);
			name = Frameworks;
			sourceTree = "<group>";
		};
		20D879151FC59667004BB3D1 /* Reachability */ = {
			isa = PBXGroup;
			children = (
				20D879161FC59667004BB3D1 /* Reachability.h */,
				20D879171FC59667004BB3D1 /* Reachability.m */,
			);
			path = Reachability;
			sourceTree = "<group>";
		};
		252858522029D1050095BCC5 /* external-lib */ = {
			isa = PBXGroup;
			children = (
				252858532029D1050095BCC5 /* AFNetworking-3.1.0 */,
				252858612029D1050095BCC5 /* SDWebImage-3.8.2 */,
				252858812029D1050095BCC5 /* NaverLogin-thirdPartyModule */,
				252858882029D1050095BCC5 /* ApiGateway-1.5.0 */,
				2528588E2029D1050095BCC5 /* FLAnimatedImage-1.0.12 */,
			);
			name = "external-lib";
			path = "../EGLSSDK_Framework/3rdLib/NaverForum/external-lib";
			sourceTree = "<group>";
		};
		252858532029D1050095BCC5 /* AFNetworking-3.1.0 */ = {
			isa = PBXGroup;
			children = (
				252858542029D1050095BCC5 /* AFSecurityPolicy.h */,
				252858552029D1050095BCC5 /* AFNetworkReachabilityManager.h */,
				252858562029D1050095BCC5 /* AFURLSessionManager.h */,
				252858572029D1050095BCC5 /* AFURLRequestSerialization.h */,
				252858582029D1050095BCC5 /* AFURLResponseSerialization.m */,
				252858592029D1050095BCC5 /* AFHTTPSessionManager.m */,
				2528585A2029D1050095BCC5 /* AFURLResponseSerialization.h */,
				2528585B2029D1050095BCC5 /* AFURLSessionManager.m */,
				2528585C2029D1050095BCC5 /* AFURLRequestSerialization.m */,
				2528585D2029D1050095BCC5 /* AFNetworking.h */,
				2528585E2029D1050095BCC5 /* AFNetworkReachabilityManager.m */,
				2528585F2029D1050095BCC5 /* AFSecurityPolicy.m */,
				252858602029D1050095BCC5 /* AFHTTPSessionManager.h */,
			);
			path = "AFNetworking-3.1.0";
			sourceTree = "<group>";
		};
		252858612029D1050095BCC5 /* SDWebImage-3.8.2 */ = {
			isa = PBXGroup;
			children = (
				252858622029D1050095BCC5 /* UIImage+WebP.m */,
				252858632029D1050095BCC5 /* UIImageView+WebCache.h */,
				252858642029D1050095BCC5 /* NSData+ImageContentType.h */,
				252858652029D1050095BCC5 /* SDWebImageManager.m */,
				252858662029D1050095BCC5 /* SDWebImageDecoder.m */,
				252858672029D1050095BCC5 /* SDWebImageDownloaderOperation.h */,
				252858682029D1050095BCC5 /* UIImageView+HighlightedWebCache.m */,
				252858692029D1050095BCC5 /* SDImageCache.h */,
				2528586A2029D1050095BCC5 /* SDWebImageDownloader.m */,
				2528586B2029D1050095BCC5 /* UIImage+GIF.m */,
				2528586C2029D1050095BCC5 /* UIButton+WebCache.h */,
				2528586D2029D1050095BCC5 /* UIImage+MultiFormat.m */,
				2528586E2029D1050095BCC5 /* SDWebImageCompat.m */,
				2528586F2029D1050095BCC5 /* SDWebImagePrefetcher.m */,
				252858702029D1050095BCC5 /* UIView+WebCacheOperation.h */,
				252858712029D1050095BCC5 /* UIImage+WebP.h */,
				252858722029D1050095BCC5 /* SDImageCache.m */,
				252858732029D1050095BCC5 /* UIImageView+HighlightedWebCache.h */,
				252858742029D1050095BCC5 /* SDWebImageDownloaderOperation.m */,
				252858752029D1050095BCC5 /* SDWebImageDecoder.h */,
				252858762029D1050095BCC5 /* SDWebImageManager.h */,
				252858772029D1050095BCC5 /* NSData+ImageContentType.m */,
				252858782029D1050095BCC5 /* UIImageView+WebCache.m */,
				252858792029D1050095BCC5 /* SDWebImageOperation.h */,
				2528587A2029D1050095BCC5 /* SDWebImageDownloader.h */,
				2528587B2029D1050095BCC5 /* UIView+WebCacheOperation.m */,
				2528587C2029D1050095BCC5 /* SDWebImagePrefetcher.h */,
				2528587D2029D1050095BCC5 /* SDWebImageCompat.h */,
				2528587E2029D1050095BCC5 /* UIImage+MultiFormat.h */,
				2528587F2029D1050095BCC5 /* UIButton+WebCache.m */,
				252858802029D1050095BCC5 /* UIImage+GIF.h */,
			);
			path = "SDWebImage-3.8.2";
			sourceTree = "<group>";
		};
		252858812029D1050095BCC5 /* NaverLogin-thirdPartyModule */ = {
			isa = PBXGroup;
			children = (
				252858822029D1050095BCC5 /* NaverThirdPartyLoginConnection.h */,
				252858832029D1050095BCC5 /* NaverAuth.bundle */,
				252858842029D1050095BCC5 /* NLoginThirdPartyOAuth20InAppBrowserViewController.h */,
				252858852029D1050095BCC5 /* libNaverLogin.a */,
				252858862029D1050095BCC5 /* NaverThirdPartyConstantsForApp.h */,
				252858872029D1050095BCC5 /* NLoginThirdPartyOAuth20InAppBrowserViewController.m */,
			);
			path = "NaverLogin-thirdPartyModule";
			sourceTree = "<group>";
		};
		252858882029D1050095BCC5 /* ApiGateway-1.5.0 */ = {
			isa = PBXGroup;
			children = (
				252858892029D1050095BCC5 /* libApiGateway-MAC.a */,
				2528588A2029D1050095BCC5 /* include */,
			);
			path = "ApiGateway-1.5.0";
			sourceTree = "<group>";
		};
		2528588A2029D1050095BCC5 /* include */ = {
			isa = PBXGroup;
			children = (
				2528588B2029D1050095BCC5 /* NMacCommonManager.h */,
				2528588C2029D1050095BCC5 /* NMacManager.h */,
				2528588D2029D1050095BCC5 /* NServiceMacManager.h */,
			);
			path = include;
			sourceTree = "<group>";
		};
		2528588E2029D1050095BCC5 /* FLAnimatedImage-1.0.12 */ = {
			isa = PBXGroup;
			children = (
				2528588F2029D1050095BCC5 /* FLAnimatedImage.m */,
				252858902029D1050095BCC5 /* FLAnimatedImageView.m */,
				252858912029D1050095BCC5 /* FLAnimatedImage.h */,
				252858922029D1050095BCC5 /* FLAnimatedImageView.h */,
			);
			path = "FLAnimatedImage-1.0.12";
			sourceTree = "<group>";
		};
		256A434420732CAB00B8823F /* krLib */ = {
			isa = PBXGroup;
			children = (
				256A434520732CAB00B8823F /* AdBrix.framework */,
				256A434620732CAB00B8823F /* IgaworksCore.framework */,
				256A434720732CAB00B8823F /* LiveOps.framework */,
			);
			path = krLib;
			sourceTree = "<group>";
		};
		F41A0E0E19822E1A00F0977C /* EGLSSDK_Framework */ = {
			isa = PBXGroup;
			children = (
				206F439F1D71AEE300A1F099 /* 3rdLib */,
			);
			name = EGLSSDK_Framework;
			path = ../EGLSSDK_Framework;
			sourceTree = "<group>";
		};
		F4342FEB196FE5AE006ED738 /* EGLSSDK_Demo */ = {
			isa = PBXGroup;
			children = (
				251B9A7120C80E6C006C6160 /* AH2_Info.plist */,
				2000D1161E20C6280007EDC4 /* EGLSSDK_Demo Framework-Info-KR.plist */,
				20789C5C1D8E633C005884A1 /* EGLSSDK_Demo Framework-Info-TW.plist */,
				F4342FC2196FE440006ED738 /* AppDelegate.h */,
				E6D019A81C5A1F2A0068435D /* AppDelegate.m */,
				F4ADEE4719864B7300F06DC8 /* EGLSSDK_Demo Framework-Info.plist */,
				F4342FC5196FE440006ED738 /* EGLSSDK_Demo-Prefix.pch */,
				F4342FC6196FE440006ED738 /* main.m */,
			);
			name = EGLSSDK_Demo;
			sourceTree = "<group>";
		};
/* End PBXGroup section */

/* Begin PBXNativeTarget section */
		F4342FEE196FE66B006ED738 /* EGLSSDK_Demo Framework */ = {
			isa = PBXNativeTarget;
			buildConfigurationList = F4343004196FE66B006ED738 /* Build configuration list for PBXNativeTarget "EGLSSDK_Demo Framework" */;
			buildPhases = (
				F4342FF3196FE66B006ED738 /* Frameworks */,
				F4342FF6196FE66B006ED738 /* Resources */,
				F4342FEF196FE66B006ED738 /* Sources */,
			);
			buildRules = (
			);
			dependencies = (
			);
			name = "EGLSSDK_Demo Framework";
			productName = EGLSSDKDemo;
			productReference = F4343006196FE66B006ED738 /* EGLSSDK_Demo Framework.app */;
			productType = "com.apple.product-type.application";
		};
/* End PBXNativeTarget section */

/* Begin PBXProject section */
		20C7C26819501F1F006DD9CB /* Project object */ = {
			isa = PBXProject;
			attributes = {
				LastUpgradeCheck = 0510;
				ORGANIZATIONNAME = EGLS;
				TargetAttributes = {
					F4342FEE196FE66B006ED738 = {
						DevelopmentTeam = GJXZ73B365;
						ProvisioningStyle = Automatic;
						SystemCapabilities = {
							com.apple.Push = {
								enabled = 0;
							};
						};
					};
				};
			};
			buildConfigurationList = 20C7C26B19501F1F006DD9CB /* Build configuration list for PBXProject "EGLSSDK_Demo" */;
			compatibilityVersion = "Xcode 3.2";
			developmentRegion = English;
			hasScannedForEncodings = 0;
			knownRegions = (
				en,
				"zh-Hans",
				"zh-Hant",
			);
			mainGroup = 20C7C26719501F1F006DD9CB;
			productRefGroup = 20C7C27119501F1F006DD9CB /* Products */;
			projectDirPath = "";
			projectRoot = "";
			targets = (
				F4342FEE196FE66B006ED738 /* EGLSSDK_Demo Framework */,
			);
		};
/* End PBXProject section */

/* Begin PBXResourcesBuildPhase section */
		F4342FF6196FE66B006ED738 /* Resources */ = {
			isa = PBXResourcesBuildPhase;
			buildActionMask = 2147483647;
			files = (
				251B9A7220C80E6C006C6160 /* AH2_Info.plist in Resources */,
				201D80CF1FD0102400764CCC /* NaverCafeSDK.bundle in Resources */,
				204F0F3C1D77C80B00B46CCC /* Images.xcassets in Resources */,
				252858A82029D1050095BCC5 /* NaverAuth.bundle in Resources */,
				206F43F41D71AEE400A1F099 /* GoogleSignIn.bundle in Resources */,
				201D80D81FD010DF00764CCC /* README.txt in Resources */,
				203A13021F8E3EA400CF6925 /* EGLSSDKRES.bundle in Resources */,
			);
			runOnlyForDeploymentPostprocessing = 0;
		};
/* End PBXResourcesBuildPhase section */

/* Begin PBXSourcesBuildPhase section */
		F4342FEF196FE66B006ED738 /* Sources */ = {
			isa = PBXSourcesBuildPhase;
			buildActionMask = 2147483647;
			files = (
				252858A52029D1050095BCC5 /* UIImageView+WebCache.m in Sources */,
				2528589F2029D1050095BCC5 /* UIImage+MultiFormat.m in Sources */,
				2528589A2029D1050095BCC5 /* SDWebImageManager.m in Sources */,
				252858982029D1050095BCC5 /* AFSecurityPolicy.m in Sources */,
				252858A42029D1050095BCC5 /* NSData+ImageContentType.m in Sources */,
				2528589E2029D1050095BCC5 /* UIImage+GIF.m in Sources */,
				252858A62029D1050095BCC5 /* UIView+WebCacheOperation.m in Sources */,
				252858A32029D1050095BCC5 /* SDWebImageDownloaderOperation.m in Sources */,
				2528589B2029D1050095BCC5 /* SDWebImageDecoder.m in Sources */,
				252858AD2029D1050095BCC5 /* FLAnimatedImageView.m in Sources */,
				252858942029D1050095BCC5 /* AFHTTPSessionManager.m in Sources */,
				252858952029D1050095BCC5 /* AFURLSessionManager.m in Sources */,
				252858A72029D1050095BCC5 /* UIButton+WebCache.m in Sources */,
				252858A12029D1050095BCC5 /* SDWebImagePrefetcher.m in Sources */,
				252858932029D1050095BCC5 /* AFURLResponseSerialization.m in Sources */,
				252858962029D1050095BCC5 /* AFURLRequestSerialization.m in Sources */,
				252858A02029D1050095BCC5 /* SDWebImageCompat.m in Sources */,
				252858992029D1050095BCC5 /* UIImage+WebP.m in Sources */,
				252858A22029D1050095BCC5 /* SDImageCache.m in Sources */,
				252858972029D1050095BCC5 /* AFNetworkReachabilityManager.m in Sources */,
				252858AC2029D1050095BCC5 /* FLAnimatedImage.m in Sources */,
				2528589D2029D1050095BCC5 /* SDWebImageDownloader.m in Sources */,
				252858AA2029D1050095BCC5 /* NLoginThirdPartyOAuth20InAppBrowserViewController.m in Sources */,
				2528589C2029D1050095BCC5 /* UIImageView+HighlightedWebCache.m in Sources */,
				F4342FF0196FE66B006ED738 /* main.m in Sources */,
				E6D019A91C5A1F2A0068435D /* AppDelegate.m in Sources */,
				20D879181FC59667004BB3D1 /* Reachability.m in Sources */,
			);
			runOnlyForDeploymentPostprocessing = 0;
		};
/* End PBXSourcesBuildPhase section */

/* Begin XCBuildConfiguration section */
		20C7C29B19501F1F006DD9CB /* Release */ = {
			isa = XCBuildConfiguration;
			buildSettings = {
				ALWAYS_SEARCH_USER_PATHS = NO;
				ARCHS = armv7;
				CLANG_CXX_LANGUAGE_STANDARD = "gnu++0x";
				CLANG_CXX_LIBRARY = "libc++";
				CLANG_ENABLE_MODULES = YES;
				CLANG_ENABLE_OBJC_ARC = YES;
				CLANG_WARN_BOOL_CONVERSION = YES;
				CLANG_WARN_CONSTANT_CONVERSION = YES;
				CLANG_WARN_DIRECT_OBJC_ISA_USAGE = YES_ERROR;
				CLANG_WARN_EMPTY_BODY = YES;
				CLANG_WARN_ENUM_CONVERSION = YES;
				CLANG_WARN_INT_CONVERSION = YES;
				CLANG_WARN_OBJC_ROOT_CLASS = YES_ERROR;
				CLANG_WARN__DUPLICATE_METHOD_MATCH = YES;
				CODE_SIGN_IDENTITY = "iPhone Developer: ELGS Tech (PD9276C29H)";
				"CODE_SIGN_IDENTITY[sdk=iphoneos*]" = "iPhone Developer: ELGS Tech (PD9276C29H)";
				COPY_PHASE_STRIP = YES;
				ENABLE_NS_ASSERTIONS = NO;
				GCC_C_LANGUAGE_STANDARD = gnu99;
				GCC_WARN_64_TO_32_BIT_CONVERSION = YES;
				GCC_WARN_ABOUT_RETURN_TYPE = YES_ERROR;
				GCC_WARN_UNDECLARED_SELECTOR = YES;
				GCC_WARN_UNINITIALIZED_AUTOS = YES_AGGRESSIVE;
				GCC_WARN_UNUSED_FUNCTION = YES;
				GCC_WARN_UNUSED_VARIABLE = YES;
				IPHONEOS_DEPLOYMENT_TARGET = 8.0;
				LIBRARY_SEARCH_PATHS = ../../EGLSSDK_Framework/AliPay;
				PROVISIONING_PROFILE = "70dad957-b8d9-4573-9fa5-c9457680f575";
				SDKROOT = iphoneos;
				TARGETED_DEVICE_FAMILY = "1,2";
				VALIDATE_PRODUCT = YES;
				VALID_ARCHS = armv7;
			};
			name = Release;
		};
		F4343005196FE66B006ED738 /* Release */ = {
			isa = XCBuildConfiguration;
			buildSettings = {
				ARCHS = "$(ARCHS_STANDARD)";
				ASSETCATALOG_COMPILER_LAUNCHIMAGE_NAME = LaunchImage;
				CLANG_ENABLE_OBJC_ARC = NO;
				CODE_SIGN_IDENTITY = "iPhone Developer: ELGS Tech (PD9276C29H)";
				"CODE_SIGN_IDENTITY[sdk=iphoneos*]" = "iPhone Developer";
				CODE_SIGN_STYLE = Automatic;
				DEBUG_INFORMATION_FORMAT = dwarf;
				DEVELOPMENT_TEAM = "";
				ENABLE_BITCODE = NO;
				FRAMEWORK_SEARCH_PATHS = (
					"$(inherited)",
					"$(PROJECT_DIR)/../EGLSSDK_Framework",
					"$(PROJECT_DIR)/../EGLSSDK_Framework/3rdLib/**",
					"$(PROJECT_DIR)/../EGLSSDK_Framework/3rdLib/NaverForum",
					"$(PROJECT_DIR)/../EGLSSDK_Framework/3rdLib/AppsFlyer",
				);
				GCC_PRECOMPILE_PREFIX_HEADER = YES;
				GCC_PREFIX_HEADER = "EGLSSDK_Demo-Prefix.pch";
				GCC_PREPROCESSOR_DEFINITIONS = "";
				HEADER_SEARCH_PATHS = "";
				INFOPLIST_FILE = "/Users/egls-macmini/Desktop/eglsSDK/EGLSSDK_Demo/EGLSSDK_Demo Framework-Info.plist";
				IPHONEOS_DEPLOYMENT_TARGET = 8.0;
				LIBRARY_SEARCH_PATHS = "$(PROJECT_DIR)/../EGLSSDK_Framework/3rdLib/**";
				ONLY_ACTIVE_ARCH = NO;
				OTHER_LDFLAGS = "-ObjC";
				PRODUCT_BUNDLE_IDENTIFIER = com.egls.zh2kr.ios;
				PRODUCT_NAME = "EGLSSDK_Demo Framework";
				PROVISIONING_PROFILE = "";
				PROVISIONING_PROFILE_SPECIFIER = "";
				SDKROOT = iphoneos;
				SUPPORTED_PLATFORMS = "iphonesimulator iphoneos";
				VALID_ARCHS = "arm64 armv7s armv7";
				WRAPPER_EXTENSION = app;
			};
			name = Release;
		};
/* End XCBuildConfiguration section */

/* Begin XCConfigurationList section */
		20C7C26B19501F1F006DD9CB /* Build configuration list for PBXProject "EGLSSDK_Demo" */ = {
			isa = XCConfigurationList;
			buildConfigurations = (
				20C7C29B19501F1F006DD9CB /* Release */,
			);
			defaultConfigurationIsVisible = 0;
			defaultConfigurationName = Release;
		};
		F4343004196FE66B006ED738 /* Build configuration list for PBXNativeTarget "EGLSSDK_Demo Framework" */ = {
			isa = XCConfigurationList;
			buildConfigurations = (
				F4343005196FE66B006ED738 /* Release */,
			);
			defaultConfigurationIsVisible = 0;
			defaultConfigurationName = Release;
		};
/* End XCConfigurationList section */
	};
	rootObject = 20C7C26819501F1F006DD9CB /* Project object */;
}
